
Microsoft Visual Studio Solution File, Format Version 12.00
# Visual Studio Version 17
VisualStudioVersion = 17.7.34221.43
MinimumVisualStudioVersion = 10.0.40219.1
Project("{FAE04EC0-301F-11D3-BF4B-00C04F79EFBC}") = "WebApplication2", "WebApplication2\WebApplication2.csproj", "{B2BBC8D7-4D87-4930-AD9A-4DAC5872CAC7}"
EndProject
Global
	GlobalSection(SolutionConfigurationPlatforms) = preSolution
		Debug|Any CPU = Debug|Any CPU
		Release|Any CPU = Release|Any CPU
	EndGlobalSection
	GlobalSection(ProjectConfigurationPlatforms) = postSolution
		{B2BBC8D7-4D87-4930-AD9A-4DAC5872CAC7}.Debug|Any CPU.ActiveCfg = Debug|Any CPU
		{B2BBC8D7-4D87-4930-AD9A-4DAC5872CAC7}.Debug|Any CPU.Build.0 = Debug|Any CPU
		{B2BBC8D7-4D87-4930-AD9A-4DAC5872CAC7}.Release|Any CPU.ActiveCfg = Release|Any CPU
		{B2BBC8D7-4D87-4930-AD9A-4DAC5872CAC7}.Release|Any CPU.Build.0 = Release|Any CPU
	EndGlobalSection
	GlobalSection(SolutionProperties) = preSolution
		HideSolutionNode = FALSE
	EndGlobalSection
	GlobalSection(ExtensibilityGlobals) = postSolution
		SolutionGuid = {E309A7A6-D714-4465-BA69-78D873BD86F5}
	EndGlobalSection
EndGlobal
